
Microsoft Visual Studio Solution File, Format Version 12.00
# Visual Studio Version 16
VisualStudioVersion = 16.0.29411.138
MinimumVisualStudioVersion = 15.0.26124.0
Project("{2150E333-8FDC-42A3-9474-1A3956D46DE8}") = "src", "src", "{A953E513-1DCD-4670-A6DC-74AFCDB04E6A}"
EndProject
Project("{6EC3EE1D-3C4E-46DD-8F32-0CC8E7565705}") = "Orchid.Base", "src\Orchid.Base\Orchid.Base.fsproj", "{A1F765DB-D452-4423-ADF0-FA87AC435626}"
EndProject
Project("{F2A71F9B-5D33-465A-A702-920D77279786}") = "Orchid.StandardFunctions", "src\Orchid.StandardFunctions\Orchid.StandardFunctions.fsproj", "{5658A62C-B2DF-4576-9540-9F3D8F4B6CD5}"
EndProject
Global
	GlobalSection(SolutionConfigurationPlatforms) = preSolution
		Debug|Any CPU = Debug|Any CPU
		Debug|x64 = Debug|x64
		Debug|x86 = Debug|x86
		Release|Any CPU = Release|Any CPU
		Release|x64 = Release|x64
		Release|x86 = Release|x86
	EndGlobalSection
	GlobalSection(ProjectConfigurationPlatforms) = postSolution
		{A1F765DB-D452-4423-ADF0-FA87AC435626}.Debug|Any CPU.ActiveCfg = Debug|Any CPU
		{A1F765DB-D452-4423-ADF0-FA87AC435626}.Debug|Any CPU.Build.0 = Debug|Any CPU
		{A1F765DB-D452-4423-ADF0-FA87AC435626}.Debug|x64.ActiveCfg = Debug|Any CPU
		{A1F765DB-D452-4423-ADF0-FA87AC435626}.Debug|x64.Build.0 = Debug|Any CPU
		{A1F765DB-D452-4423-ADF0-FA87AC435626}.Debug|x86.ActiveCfg = Debug|Any CPU
		{A1F765DB-D452-4423-ADF0-FA87AC435626}.Debug|x86.Build.0 = Debug|Any CPU
		{A1F765DB-D452-4423-ADF0-FA87AC435626}.Release|Any CPU.ActiveCfg = Release|Any CPU
		{A1F765DB-D452-4423-ADF0-FA87AC435626}.Release|Any CPU.Build.0 = Release|Any CPU
		{A1F765DB-D452-4423-ADF0-FA87AC435626}.Release|x64.ActiveCfg = Release|Any CPU
		{A1F765DB-D452-4423-ADF0-FA87AC435626}.Release|x64.Build.0 = Release|Any CPU
		{A1F765DB-D452-4423-ADF0-FA87AC435626}.Release|x86.ActiveCfg = Release|Any CPU
		{A1F765DB-D452-4423-ADF0-FA87AC435626}.Release|x86.Build.0 = Release|Any CPU
		{5658A62C-B2DF-4576-9540-9F3D8F4B6CD5}.Debug|Any CPU.ActiveCfg = Debug|Any CPU
		{5658A62C-B2DF-4576-9540-9F3D8F4B6CD5}.Debug|Any CPU.Build.0 = Debug|Any CPU
		{5658A62C-B2DF-4576-9540-9F3D8F4B6CD5}.Debug|x64.ActiveCfg = Debug|Any CPU
		{5658A62C-B2DF-4576-9540-9F3D8F4B6CD5}.Debug|x64.Build.0 = Debug|Any CPU
		{5658A62C-B2DF-4576-9540-9F3D8F4B6CD5}.Debug|x86.ActiveCfg = Debug|Any CPU
		{5658A62C-B2DF-4576-9540-9F3D8F4B6CD5}.Debug|x86.Build.0 = Debug|Any CPU
		{5658A62C-B2DF-4576-9540-9F3D8F4B6CD5}.Release|Any CPU.ActiveCfg = Release|Any CPU
		{5658A62C-B2DF-4576-9540-9F3D8F4B6CD5}.Release|Any CPU.Build.0 = Release|Any CPU
		{5658A62C-B2DF-4576-9540-9F3D8F4B6CD5}.Release|x64.ActiveCfg = Release|Any CPU
		{5658A62C-B2DF-4576-9540-9F3D8F4B6CD5}.Release|x64.Build.0 = Release|Any CPU
		{5658A62C-B2DF-4576-9540-9F3D8F4B6CD5}.Release|x86.ActiveCfg = Release|Any CPU
		{5658A62C-B2DF-4576-9540-9F3D8F4B6CD5}.Release|x86.Build.0 = Release|Any CPU
	EndGlobalSection
	GlobalSection(SolutionProperties) = preSolution
		HideSolutionNode = FALSE
	EndGlobalSection
	GlobalSection(NestedProjects) = preSolution
		{A1F765DB-D452-4423-ADF0-FA87AC435626} = {A953E513-1DCD-4670-A6DC-74AFCDB04E6A}
		{5658A62C-B2DF-4576-9540-9F3D8F4B6CD5} = {A953E513-1DCD-4670-A6DC-74AFCDB04E6A}
	EndGlobalSection
	GlobalSection(ExtensibilityGlobals) = postSolution
		SolutionGuid = {F87F93DE-1EE3-4DBA-86C6-C60B6CF02044}
	EndGlobalSection
EndGlobal
